{
  "version": 1,
  "dependencies": {
    "net10.0-windows10.0.19041": {
      "Meziantou.Analyzer": {
        "type": "Direct",
        "requested": "[3.0.27, )",
        "resolved": "3.0.27",
        "contentHash": "rlWM33Ldt8FJTai9F0KAhPEQrx9J7lX/lYgG2VJEnS7yoCoEEPTNgHN7M/Sigw02Kzv74NumxfH11UaPwbdJ8A=="
      },
      "Roslynator.Analyzers": {
        "type": "Direct",
        "requested": "[4.15.0, )",
        "resolved": "4.15.0",
        "contentHash": "E8fu71Y+vzhniJKy1K13Rzwm8Vjcj7CDFBpflqncKUZfc3SzuF0kMBiyMmgXNPkjWTdE3Z+30HlGgYjHONZY/Q=="
      },
      "Stateless": {
        "type": "Transitive",
        "resolved": "5.20.1",
        "contentHash": "jQeuXgIeXEjFAImajavoxvJNcevO+zyK+9ICGzy0LRe/e1tP4vJUnO4Yrg6rP601wYRnulQs59mQH73TbIZzNg=="
      },
      "easyeyes": {
        "type": "Project",
        "dependencies": {
          "Stateless": "[5.20.1, )"
        }
      }
    }
  }
}